
Microsoft Visual Studio Solution File, Format Version 12.00
# Visual Studio Version 16
VisualStudioVersion = 16.0.29806.167
MinimumVisualStudioVersion = 10.0.40219.1
Project("{FAE04EC0-301F-11D3-BF4B-00C04F79EFBC}") = "PoseSportsPredict.Android", "PoseSportsPredict\PoseSportsPredict.Android\PoseSportsPredict.Android.csproj", "{33044C1F-FEEA-4722-B9B0-FDEBB5AD9205}"
EndProject
Project("{FAE04EC0-301F-11D3-BF4B-00C04F79EFBC}") = "PoseSportsPredict.iOS", "PoseSportsPredict\PoseSportsPredict.iOS\PoseSportsPredict.iOS.csproj", "{48155A4A-E9E8-4ED9-98B9-9F3CA1FA5EE7}"
EndProject
Project("{9A19103F-16F7-4668-BE54-9A1E7A4F7556}") = "PoseSportsPredict", "PoseSportsPredict\PoseSportsPredict\PoseSportsPredict.csproj", "{70BA522F-98B8-4B45-AF42-3E3DB7B4E056}"
EndProject
Project("{2150E333-8FDC-42A3-9474-1A3956D46DE8}") = "Share", "Share", "{C32ADECE-7A38-45FA-910D-34CB70B90332}"
EndProject
Project("{9A19103F-16F7-4668-BE54-9A1E7A4F7556}") = "PosePacket", "..\..\Common Library\DotNet_Standard\PosePacket\PosePacket.csproj", "{61D777A5-4862-4990-B2CB-958F9AE0732F}"
EndProject
Project("{9A19103F-16F7-4668-BE54-9A1E7A4F7556}") = "WebServiceShare", "..\..\Common Library\DotNet_Standard\WebServiceShare\WebServiceShare.csproj", "{34760DE0-62B6-4D2C-8A61-17210662D51B}"
EndProject
Project("{9A19103F-16F7-4668-BE54-9A1E7A4F7556}") = "PoseCrypto", "..\..\Common Library\DotNet_Standard\PoseCrypto\PoseCrypto.csproj", "{8A8613C5-5184-4B3D-9ABA-D16453A38DFD}"
EndProject
Project("{2150E333-8FDC-42A3-9474-1A3956D46DE8}") = "Solution Items", "Solution Items", "{A8437CEA-3EA1-42DB-89E0-F7049C469ED4}"
	ProjectSection(SolutionItems) = preProject
		.editorconfig = .editorconfig
	EndProjectSection
EndProject
Global
	GlobalSection(SolutionConfigurationPlatforms) = preSolution
		Debug|Any CPU = Debug|Any CPU
		Debug|iPhone = Debug|iPhone
		Debug|iPhoneSimulator = Debug|iPhoneSimulator
		Release|Any CPU = Release|Any CPU
		Release|iPhone = Release|iPhone
		Release|iPhoneSimulator = Release|iPhoneSimulator
	EndGlobalSection
	GlobalSection(ProjectConfigurationPlatforms) = postSolution
		{33044C1F-FEEA-4722-B9B0-FDEBB5AD9205}.Debug|Any CPU.ActiveCfg = Debug|Any CPU
		{33044C1F-FEEA-4722-B9B0-FDEBB5AD9205}.Debug|Any CPU.Build.0 = Debug|Any CPU
		{33044C1F-FEEA-4722-B9B0-FDEBB5AD9205}.Debug|Any CPU.Deploy.0 = Debug|Any CPU
		{33044C1F-FEEA-4722-B9B0-FDEBB5AD9205}.Debug|iPhone.ActiveCfg = Debug|Any CPU
		{33044C1F-FEEA-4722-B9B0-FDEBB5AD9205}.Debug|iPhone.Build.0 = Debug|Any CPU
		{33044C1F-FEEA-4722-B9B0-FDEBB5AD9205}.Debug|iPhone.Deploy.0 = Debug|Any CPU
		{33044C1F-FEEA-4722-B9B0-FDEBB5AD9205}.Debug|iPhoneSimulator.ActiveCfg = Debug|Any CPU
		{33044C1F-FEEA-4722-B9B0-FDEBB5AD9205}.Debug|iPhoneSimulator.Build.0 = Debug|Any CPU
		{33044C1F-FEEA-4722-B9B0-FDEBB5AD9205}.Debug|iPhoneSimulator.Deploy.0 = Debug|Any CPU
		{33044C1F-FEEA-4722-B9B0-FDEBB5AD9205}.Release|Any CPU.ActiveCfg = Release|Any CPU
		{33044C1F-FEEA-4722-B9B0-FDEBB5AD9205}.Release|Any CPU.Build.0 = Release|Any CPU
		{33044C1F-FEEA-4722-B9B0-FDEBB5AD9205}.Release|Any CPU.Deploy.0 = Release|Any CPU
		{33044C1F-FEEA-4722-B9B0-FDEBB5AD9205}.Release|iPhone.ActiveCfg = Release|Any CPU
		{33044C1F-FEEA-4722-B9B0-FDEBB5AD9205}.Release|iPhone.Build.0 = Release|Any CPU
		{33044C1F-FEEA-4722-B9B0-FDEBB5AD9205}.Release|iPhone.Deploy.0 = Release|Any CPU
		{33044C1F-FEEA-4722-B9B0-FDEBB5AD9205}.Release|iPhoneSimulator.ActiveCfg = Release|Any CPU
		{33044C1F-FEEA-4722-B9B0-FDEBB5AD9205}.Release|iPhoneSimulator.Build.0 = Release|Any CPU
		{33044C1F-FEEA-4722-B9B0-FDEBB5AD9205}.Release|iPhoneSimulator.Deploy.0 = Release|Any CPU
		{48155A4A-E9E8-4ED9-98B9-9F3CA1FA5EE7}.Debug|Any CPU.ActiveCfg = Debug|iPhoneSimulator
		{48155A4A-E9E8-4ED9-98B9-9F3CA1FA5EE7}.Debug|Any CPU.Build.0 = Debug|iPhoneSimulator
		{48155A4A-E9E8-4ED9-98B9-9F3CA1FA5EE7}.Debug|Any CPU.Deploy.0 = Debug|iPhoneSimulator
		{48155A4A-E9E8-4ED9-98B9-9F3CA1FA5EE7}.Debug|iPhone.ActiveCfg = Debug|iPhone
		{48155A4A-E9E8-4ED9-98B9-9F3CA1FA5EE7}.Debug|iPhone.Build.0 = Debug|iPhone
		{48155A4A-E9E8-4ED9-98B9-9F3CA1FA5EE7}.Debug|iPhone.Deploy.0 = Debug|iPhone
		{48155A4A-E9E8-4ED9-98B9-9F3CA1FA5EE7}.Debug|iPhoneSimulator.ActiveCfg = Debug|iPhoneSimulator
		{48155A4A-E9E8-4ED9-98B9-9F3CA1FA5EE7}.Debug|iPhoneSimulator.Build.0 = Debug|iPhoneSimulator
		{48155A4A-E9E8-4ED9-98B9-9F3CA1FA5EE7}.Debug|iPhoneSimulator.Deploy.0 = Debug|iPhoneSimulator
		{48155A4A-E9E8-4ED9-98B9-9F3CA1FA5EE7}.Release|Any CPU.ActiveCfg = Release|iPhone
		{48155A4A-E9E8-4ED9-98B9-9F3CA1FA5EE7}.Release|Any CPU.Build.0 = Release|iPhone
		{48155A4A-E9E8-4ED9-98B9-9F3CA1FA5EE7}.Release|Any CPU.Deploy.0 = Release|iPhone
		{48155A4A-E9E8-4ED9-98B9-9F3CA1FA5EE7}.Release|iPhone.ActiveCfg = Release|iPhone
		{48155A4A-E9E8-4ED9-98B9-9F3CA1FA5EE7}.Release|iPhone.Build.0 = Release|iPhone
		{48155A4A-E9E8-4ED9-98B9-9F3CA1FA5EE7}.Release|iPhone.Deploy.0 = Release|iPhone
		{48155A4A-E9E8-4ED9-98B9-9F3CA1FA5EE7}.Release|iPhoneSimulator.ActiveCfg = Release|iPhoneSimulator
		{48155A4A-E9E8-4ED9-98B9-9F3CA1FA5EE7}.Release|iPhoneSimulator.Build.0 = Release|iPhoneSimulator
		{48155A4A-E9E8-4ED9-98B9-9F3CA1FA5EE7}.Release|iPhoneSimulator.Deploy.0 = Release|iPhoneSimulator
		{70BA522F-98B8-4B45-AF42-3E3DB7B4E056}.Debug|Any CPU.ActiveCfg = Debug|Any CPU
		{70BA522F-98B8-4B45-AF42-3E3DB7B4E056}.Debug|Any CPU.Build.0 = Debug|Any CPU
		{70BA522F-98B8-4B45-AF42-3E3DB7B4E056}.Debug|Any CPU.Deploy.0 = Debug|Any CPU
		{70BA522F-98B8-4B45-AF42-3E3DB7B4E056}.Debug|iPhone.ActiveCfg = Debug|Any CPU
		{70BA522F-98B8-4B45-AF42-3E3DB7B4E056}.Debug|iPhone.Build.0 = Debug|Any CPU
		{70BA522F-98B8-4B45-AF42-3E3DB7B4E056}.Debug|iPhone.Deploy.0 = Debug|Any CPU
		{70BA522F-98B8-4B45-AF42-3E3DB7B4E056}.Debug|iPhoneSimulator.ActiveCfg = Debug|Any CPU
		{70BA522F-98B8-4B45-AF42-3E3DB7B4E056}.Debug|iPhoneSimulator.Build.0 = Debug|Any CPU
		{70BA522F-98B8-4B45-AF42-3E3DB7B4E056}.Debug|iPhoneSimulator.Deploy.0 = Debug|Any CPU
		{70BA522F-98B8-4B45-AF42-3E3DB7B4E056}.Release|Any CPU.ActiveCfg = Release|Any CPU
		{70BA522F-98B8-4B45-AF42-3E3DB7B4E056}.Release|Any CPU.Build.0 = Release|Any CPU
		{70BA522F-98B8-4B45-AF42-3E3DB7B4E056}.Release|Any CPU.Deploy.0 = Release|Any CPU
		{70BA522F-98B8-4B45-AF42-3E3DB7B4E056}.Release|iPhone.ActiveCfg = Release|Any CPU
		{70BA522F-98B8-4B45-AF42-3E3DB7B4E056}.Release|iPhone.Build.0 = Release|Any CPU
		{70BA522F-98B8-4B45-AF42-3E3DB7B4E056}.Release|iPhone.Deploy.0 = Release|Any CPU
		{70BA522F-98B8-4B45-AF42-3E3DB7B4E056}.Release|iPhoneSimulator.ActiveCfg = Release|Any CPU
		{70BA522F-98B8-4B45-AF42-3E3DB7B4E056}.Release|iPhoneSimulator.Build.0 = Release|Any CPU
		{70BA522F-98B8-4B45-AF42-3E3DB7B4E056}.Release|iPhoneSimulator.Deploy.0 = Release|Any CPU
		{61D777A5-4862-4990-B2CB-958F9AE0732F}.Debug|Any CPU.ActiveCfg = Debug|Any CPU
		{61D777A5-4862-4990-B2CB-958F9AE0732F}.Debug|Any CPU.Build.0 = Debug|Any CPU
		{61D777A5-4862-4990-B2CB-958F9AE0732F}.Debug|iPhone.ActiveCfg = Debug|Any CPU
		{61D777A5-4862-4990-B2CB-958F9AE0732F}.Debug|iPhone.Build.0 = Debug|Any CPU
		{61D777A5-4862-4990-B2CB-958F9AE0732F}.Debug|iPhoneSimulator.ActiveCfg = Debug|Any CPU
		{61D777A5-4862-4990-B2CB-958F9AE0732F}.Debug|iPhoneSimulator.Build.0 = Debug|Any CPU
		{61D777A5-4862-4990-B2CB-958F9AE0732F}.Release|Any CPU.ActiveCfg = Release|Any CPU
		{61D777A5-4862-4990-B2CB-958F9AE0732F}.Release|Any CPU.Build.0 = Release|Any CPU
		{61D777A5-4862-4990-B2CB-958F9AE0732F}.Release|iPhone.ActiveCfg = Release|Any CPU
		{61D777A5-4862-4990-B2CB-958F9AE0732F}.Release|iPhone.Build.0 = Release|Any CPU
		{61D777A5-4862-4990-B2CB-958F9AE0732F}.Release|iPhoneSimulator.ActiveCfg = Release|Any CPU
		{61D777A5-4862-4990-B2CB-958F9AE0732F}.Release|iPhoneSimulator.Build.0 = Release|Any CPU
		{34760DE0-62B6-4D2C-8A61-17210662D51B}.Debug|Any CPU.ActiveCfg = Debug|Any CPU
		{34760DE0-62B6-4D2C-8A61-17210662D51B}.Debug|Any CPU.Build.0 = Debug|Any CPU
		{34760DE0-62B6-4D2C-8A61-17210662D51B}.Debug|iPhone.ActiveCfg = Debug|Any CPU
		{34760DE0-62B6-4D2C-8A61-17210662D51B}.Debug|iPhone.Build.0 = Debug|Any CPU
		{34760DE0-62B6-4D2C-8A61-17210662D51B}.Debug|iPhoneSimulator.ActiveCfg = Debug|Any CPU
		{34760DE0-62B6-4D2C-8A61-17210662D51B}.Debug|iPhoneSimulator.Build.0 = Debug|Any CPU
		{34760DE0-62B6-4D2C-8A61-17210662D51B}.Release|Any CPU.ActiveCfg = Release|Any CPU
		{34760DE0-62B6-4D2C-8A61-17210662D51B}.Release|Any CPU.Build.0 = Release|Any CPU
		{34760DE0-62B6-4D2C-8A61-17210662D51B}.Release|iPhone.ActiveCfg = Release|Any CPU
		{34760DE0-62B6-4D2C-8A61-17210662D51B}.Release|iPhone.Build.0 = Release|Any CPU
		{34760DE0-62B6-4D2C-8A61-17210662D51B}.Release|iPhoneSimulator.ActiveCfg = Release|Any CPU
		{34760DE0-62B6-4D2C-8A61-17210662D51B}.Release|iPhoneSimulator.Build.0 = Release|Any CPU
		{8A8613C5-5184-4B3D-9ABA-D16453A38DFD}.Debug|Any CPU.ActiveCfg = Debug|Any CPU
		{8A8613C5-5184-4B3D-9ABA-D16453A38DFD}.Debug|Any CPU.Build.0 = Debug|Any CPU
		{8A8613C5-5184-4B3D-9ABA-D16453A38DFD}.Debug|iPhone.ActiveCfg = Debug|Any CPU
		{8A8613C5-5184-4B3D-9ABA-D16453A38DFD}.Debug|iPhone.Build.0 = Debug|Any CPU
		{8A8613C5-5184-4B3D-9ABA-D16453A38DFD}.Debug|iPhoneSimulator.ActiveCfg = Debug|Any CPU
		{8A8613C5-5184-4B3D-9ABA-D16453A38DFD}.Debug|iPhoneSimulator.Build.0 = Debug|Any CPU
		{8A8613C5-5184-4B3D-9ABA-D16453A38DFD}.Release|Any CPU.ActiveCfg = Release|Any CPU
		{8A8613C5-5184-4B3D-9ABA-D16453A38DFD}.Release|Any CPU.Build.0 = Release|Any CPU
		{8A8613C5-5184-4B3D-9ABA-D16453A38DFD}.Release|iPhone.ActiveCfg = Release|Any CPU
		{8A8613C5-5184-4B3D-9ABA-D16453A38DFD}.Release|iPhone.Build.0 = Release|Any CPU
		{8A8613C5-5184-4B3D-9ABA-D16453A38DFD}.Release|iPhoneSimulator.ActiveCfg = Release|Any CPU
		{8A8613C5-5184-4B3D-9ABA-D16453A38DFD}.Release|iPhoneSimulator.Build.0 = Release|Any CPU
	EndGlobalSection
	GlobalSection(SolutionProperties) = preSolution
		HideSolutionNode = FALSE
	EndGlobalSection
	GlobalSection(NestedProjects) = preSolution
		{61D777A5-4862-4990-B2CB-958F9AE0732F} = {C32ADECE-7A38-45FA-910D-34CB70B90332}
		{34760DE0-62B6-4D2C-8A61-17210662D51B} = {C32ADECE-7A38-45FA-910D-34CB70B90332}
		{8A8613C5-5184-4B3D-9ABA-D16453A38DFD} = {C32ADECE-7A38-45FA-910D-34CB70B90332}
	EndGlobalSection
	GlobalSection(ExtensibilityGlobals) = postSolution
		SolutionGuid = {8A010BAE-799A-4760-8FE0-A60D1C70DB24}
	EndGlobalSection
EndGlobal
