
Microsoft Visual Studio Solution File, Format Version 12.00
# Visual Studio Version 16
VisualStudioVersion = 16.0.29806.167
MinimumVisualStudioVersion = 10.0.40219.1
Project("{FAE04EC0-301F-11D3-BF4B-00C04F79EFBC}") = "PoseSportsPredict.Android", "PoseSportsPredict\PoseSportsPredict.Android\PoseSportsPredict.Android.csproj", "{33044C1F-FEEA-4722-B9B0-FDEBB5AD9205}"
EndProject
Project("{FAE04EC0-301F-11D3-BF4B-00C04F79EFBC}") = "PoseSportsPredict.iOS", "PoseSportsPredict\PoseSportsPredict.iOS\PoseSportsPredict.iOS.csproj", "{48155A4A-E9E8-4ED9-98B9-9F3CA1FA5EE7}"
EndProject
Project("{9A19103F-16F7-4668-BE54-9A1E7A4F7556}") = "PoseSportsPredict", "PoseSportsPredict\PoseSportsPredict\PoseSportsPredict.csproj", "{70BA522F-98B8-4B45-AF42-3E3DB7B4E056}"
EndProject
Project("{2150E333-8FDC-42A3-9474-1A3956D46DE8}") = "Common", "Common", "{C32ADECE-7A38-45FA-910D-34CB70B90332}"
EndProject
Project("{9A19103F-16F7-4668-BE54-9A1E7A4F7556}") = "PosePacket", "..\..\Common Library\CommonLibrary\.Net Standard\PosePacket\PosePacket.csproj", "{10954170-2406-4501-A7D9-ED2B7ADF72FA}"
EndProject
Project("{9A19103F-16F7-4668-BE54-9A1E7A4F7556}") = "WebServiceShare", "..\..\Common Library\CommonLibrary\.Net Standard\WebServiceShare\WebServiceShare.csproj", "{97896FB7-5579-49D6-BD55-ECB49350B1C6}"
EndProject
Global
	GlobalSection(SolutionConfigurationPlatforms) = preSolution
		Debug|Any CPU = Debug|Any CPU
		Debug|iPhone = Debug|iPhone
		Debug|iPhoneSimulator = Debug|iPhoneSimulator
		Release|Any CPU = Release|Any CPU
		Release|iPhone = Release|iPhone
		Release|iPhoneSimulator = Release|iPhoneSimulator
	EndGlobalSection
	GlobalSection(ProjectConfigurationPlatforms) = postSolution
		{33044C1F-FEEA-4722-B9B0-FDEBB5AD9205}.Debug|Any CPU.ActiveCfg = Debug|Any CPU
		{33044C1F-FEEA-4722-B9B0-FDEBB5AD9205}.Debug|Any CPU.Build.0 = Debug|Any CPU
		{33044C1F-FEEA-4722-B9B0-FDEBB5AD9205}.Debug|Any CPU.Deploy.0 = Debug|Any CPU
		{33044C1F-FEEA-4722-B9B0-FDEBB5AD9205}.Debug|iPhone.ActiveCfg = Debug|Any CPU
		{33044C1F-FEEA-4722-B9B0-FDEBB5AD9205}.Debug|iPhone.Build.0 = Debug|Any CPU
		{33044C1F-FEEA-4722-B9B0-FDEBB5AD9205}.Debug|iPhone.Deploy.0 = Debug|Any CPU
		{33044C1F-FEEA-4722-B9B0-FDEBB5AD9205}.Debug|iPhoneSimulator.ActiveCfg = Debug|Any CPU
		{33044C1F-FEEA-4722-B9B0-FDEBB5AD9205}.Debug|iPhoneSimulator.Build.0 = Debug|Any CPU
		{33044C1F-FEEA-4722-B9B0-FDEBB5AD9205}.Debug|iPhoneSimulator.Deploy.0 = Debug|Any CPU
		{33044C1F-FEEA-4722-B9B0-FDEBB5AD9205}.Release|Any CPU.ActiveCfg = Release|Any CPU
		{33044C1F-FEEA-4722-B9B0-FDEBB5AD9205}.Release|Any CPU.Build.0 = Release|Any CPU
		{33044C1F-FEEA-4722-B9B0-FDEBB5AD9205}.Release|Any CPU.Deploy.0 = Release|Any CPU
		{33044C1F-FEEA-4722-B9B0-FDEBB5AD9205}.Release|iPhone.ActiveCfg = Release|Any CPU
		{33044C1F-FEEA-4722-B9B0-FDEBB5AD9205}.Release|iPhone.Build.0 = Release|Any CPU
		{33044C1F-FEEA-4722-B9B0-FDEBB5AD9205}.Release|iPhone.Deploy.0 = Release|Any CPU
		{33044C1F-FEEA-4722-B9B0-FDEBB5AD9205}.Release|iPhoneSimulator.ActiveCfg = Release|Any CPU
		{33044C1F-FEEA-4722-B9B0-FDEBB5AD9205}.Release|iPhoneSimulator.Build.0 = Release|Any CPU
		{33044C1F-FEEA-4722-B9B0-FDEBB5AD9205}.Release|iPhoneSimulator.Deploy.0 = Release|Any CPU
		{48155A4A-E9E8-4ED9-98B9-9F3CA1FA5EE7}.Debug|Any CPU.ActiveCfg = Debug|iPhoneSimulator
		{48155A4A-E9E8-4ED9-98B9-9F3CA1FA5EE7}.Debug|Any CPU.Build.0 = Debug|iPhoneSimulator
		{48155A4A-E9E8-4ED9-98B9-9F3CA1FA5EE7}.Debug|Any CPU.Deploy.0 = Debug|iPhoneSimulator
		{48155A4A-E9E8-4ED9-98B9-9F3CA1FA5EE7}.Debug|iPhone.ActiveCfg = Debug|iPhone
		{48155A4A-E9E8-4ED9-98B9-9F3CA1FA5EE7}.Debug|iPhone.Build.0 = Debug|iPhone
		{48155A4A-E9E8-4ED9-98B9-9F3CA1FA5EE7}.Debug|iPhone.Deploy.0 = Debug|iPhone
		{48155A4A-E9E8-4ED9-98B9-9F3CA1FA5EE7}.Debug|iPhoneSimulator.ActiveCfg = Debug|iPhoneSimulator
		{48155A4A-E9E8-4ED9-98B9-9F3CA1FA5EE7}.Debug|iPhoneSimulator.Build.0 = Debug|iPhoneSimulator
		{48155A4A-E9E8-4ED9-98B9-9F3CA1FA5EE7}.Debug|iPhoneSimulator.Deploy.0 = Debug|iPhoneSimulator
		{48155A4A-E9E8-4ED9-98B9-9F3CA1FA5EE7}.Release|Any CPU.ActiveCfg = Release|iPhone
		{48155A4A-E9E8-4ED9-98B9-9F3CA1FA5EE7}.Release|Any CPU.Build.0 = Release|iPhone
		{48155A4A-E9E8-4ED9-98B9-9F3CA1FA5EE7}.Release|Any CPU.Deploy.0 = Release|iPhone
		{48155A4A-E9E8-4ED9-98B9-9F3CA1FA5EE7}.Release|iPhone.ActiveCfg = Release|iPhone
		{48155A4A-E9E8-4ED9-98B9-9F3CA1FA5EE7}.Release|iPhone.Build.0 = Release|iPhone
		{48155A4A-E9E8-4ED9-98B9-9F3CA1FA5EE7}.Release|iPhone.Deploy.0 = Release|iPhone
		{48155A4A-E9E8-4ED9-98B9-9F3CA1FA5EE7}.Release|iPhoneSimulator.ActiveCfg = Release|iPhoneSimulator
		{48155A4A-E9E8-4ED9-98B9-9F3CA1FA5EE7}.Release|iPhoneSimulator.Build.0 = Release|iPhoneSimulator
		{48155A4A-E9E8-4ED9-98B9-9F3CA1FA5EE7}.Release|iPhoneSimulator.Deploy.0 = Release|iPhoneSimulator
		{70BA522F-98B8-4B45-AF42-3E3DB7B4E056}.Debug|Any CPU.ActiveCfg = Debug|Any CPU
		{70BA522F-98B8-4B45-AF42-3E3DB7B4E056}.Debug|Any CPU.Build.0 = Debug|Any CPU
		{70BA522F-98B8-4B45-AF42-3E3DB7B4E056}.Debug|Any CPU.Deploy.0 = Debug|Any CPU
		{70BA522F-98B8-4B45-AF42-3E3DB7B4E056}.Debug|iPhone.ActiveCfg = Debug|Any CPU
		{70BA522F-98B8-4B45-AF42-3E3DB7B4E056}.Debug|iPhone.Build.0 = Debug|Any CPU
		{70BA522F-98B8-4B45-AF42-3E3DB7B4E056}.Debug|iPhone.Deploy.0 = Debug|Any CPU
		{70BA522F-98B8-4B45-AF42-3E3DB7B4E056}.Debug|iPhoneSimulator.ActiveCfg = Debug|Any CPU
		{70BA522F-98B8-4B45-AF42-3E3DB7B4E056}.Debug|iPhoneSimulator.Build.0 = Debug|Any CPU
		{70BA522F-98B8-4B45-AF42-3E3DB7B4E056}.Debug|iPhoneSimulator.Deploy.0 = Debug|Any CPU
		{70BA522F-98B8-4B45-AF42-3E3DB7B4E056}.Release|Any CPU.ActiveCfg = Release|Any CPU
		{70BA522F-98B8-4B45-AF42-3E3DB7B4E056}.Release|Any CPU.Build.0 = Release|Any CPU
		{70BA522F-98B8-4B45-AF42-3E3DB7B4E056}.Release|Any CPU.Deploy.0 = Release|Any CPU
		{70BA522F-98B8-4B45-AF42-3E3DB7B4E056}.Release|iPhone.ActiveCfg = Release|Any CPU
		{70BA522F-98B8-4B45-AF42-3E3DB7B4E056}.Release|iPhone.Build.0 = Release|Any CPU
		{70BA522F-98B8-4B45-AF42-3E3DB7B4E056}.Release|iPhone.Deploy.0 = Release|Any CPU
		{70BA522F-98B8-4B45-AF42-3E3DB7B4E056}.Release|iPhoneSimulator.ActiveCfg = Release|Any CPU
		{70BA522F-98B8-4B45-AF42-3E3DB7B4E056}.Release|iPhoneSimulator.Build.0 = Release|Any CPU
		{70BA522F-98B8-4B45-AF42-3E3DB7B4E056}.Release|iPhoneSimulator.Deploy.0 = Release|Any CPU
		{10954170-2406-4501-A7D9-ED2B7ADF72FA}.Debug|Any CPU.ActiveCfg = Debug|Any CPU
		{10954170-2406-4501-A7D9-ED2B7ADF72FA}.Debug|Any CPU.Build.0 = Debug|Any CPU
		{10954170-2406-4501-A7D9-ED2B7ADF72FA}.Debug|iPhone.ActiveCfg = Debug|Any CPU
		{10954170-2406-4501-A7D9-ED2B7ADF72FA}.Debug|iPhone.Build.0 = Debug|Any CPU
		{10954170-2406-4501-A7D9-ED2B7ADF72FA}.Debug|iPhoneSimulator.ActiveCfg = Debug|Any CPU
		{10954170-2406-4501-A7D9-ED2B7ADF72FA}.Debug|iPhoneSimulator.Build.0 = Debug|Any CPU
		{10954170-2406-4501-A7D9-ED2B7ADF72FA}.Release|Any CPU.ActiveCfg = Release|Any CPU
		{10954170-2406-4501-A7D9-ED2B7ADF72FA}.Release|Any CPU.Build.0 = Release|Any CPU
		{10954170-2406-4501-A7D9-ED2B7ADF72FA}.Release|iPhone.ActiveCfg = Release|Any CPU
		{10954170-2406-4501-A7D9-ED2B7ADF72FA}.Release|iPhone.Build.0 = Release|Any CPU
		{10954170-2406-4501-A7D9-ED2B7ADF72FA}.Release|iPhoneSimulator.ActiveCfg = Release|Any CPU
		{10954170-2406-4501-A7D9-ED2B7ADF72FA}.Release|iPhoneSimulator.Build.0 = Release|Any CPU
		{97896FB7-5579-49D6-BD55-ECB49350B1C6}.Debug|Any CPU.ActiveCfg = Debug|Any CPU
		{97896FB7-5579-49D6-BD55-ECB49350B1C6}.Debug|Any CPU.Build.0 = Debug|Any CPU
		{97896FB7-5579-49D6-BD55-ECB49350B1C6}.Debug|iPhone.ActiveCfg = Debug|Any CPU
		{97896FB7-5579-49D6-BD55-ECB49350B1C6}.Debug|iPhone.Build.0 = Debug|Any CPU
		{97896FB7-5579-49D6-BD55-ECB49350B1C6}.Debug|iPhoneSimulator.ActiveCfg = Debug|Any CPU
		{97896FB7-5579-49D6-BD55-ECB49350B1C6}.Debug|iPhoneSimulator.Build.0 = Debug|Any CPU
		{97896FB7-5579-49D6-BD55-ECB49350B1C6}.Release|Any CPU.ActiveCfg = Release|Any CPU
		{97896FB7-5579-49D6-BD55-ECB49350B1C6}.Release|Any CPU.Build.0 = Release|Any CPU
		{97896FB7-5579-49D6-BD55-ECB49350B1C6}.Release|iPhone.ActiveCfg = Release|Any CPU
		{97896FB7-5579-49D6-BD55-ECB49350B1C6}.Release|iPhone.Build.0 = Release|Any CPU
		{97896FB7-5579-49D6-BD55-ECB49350B1C6}.Release|iPhoneSimulator.ActiveCfg = Release|Any CPU
		{97896FB7-5579-49D6-BD55-ECB49350B1C6}.Release|iPhoneSimulator.Build.0 = Release|Any CPU
	EndGlobalSection
	GlobalSection(SolutionProperties) = preSolution
		HideSolutionNode = FALSE
	EndGlobalSection
	GlobalSection(NestedProjects) = preSolution
		{10954170-2406-4501-A7D9-ED2B7ADF72FA} = {C32ADECE-7A38-45FA-910D-34CB70B90332}
		{97896FB7-5579-49D6-BD55-ECB49350B1C6} = {C32ADECE-7A38-45FA-910D-34CB70B90332}
	EndGlobalSection
	GlobalSection(ExtensibilityGlobals) = postSolution
		SolutionGuid = {8A010BAE-799A-4760-8FE0-A60D1C70DB24}
	EndGlobalSection
EndGlobal
