
Microsoft Visual Studio Solution File, Format Version 12.00
# Visual Studio Version 16
VisualStudioVersion = 16.0.29728.190
MinimumVisualStudioVersion = 10.0.40219.1
Project("{FAE04EC0-301F-11D3-BF4B-00C04F79EFBC}") = "PoseSportsApp.Android", "PoseSportsApp\PoseSportsApp.Android\PoseSportsApp.Android.csproj", "{933FD6BC-F758-4403-84EE-3A309E048657}"
EndProject
Project("{FAE04EC0-301F-11D3-BF4B-00C04F79EFBC}") = "PoseSportsApp.iOS", "PoseSportsApp\PoseSportsApp.iOS\PoseSportsApp.iOS.csproj", "{69C49666-A466-4BAA-A2C8-186166A0F831}"
EndProject
Project("{9A19103F-16F7-4668-BE54-9A1E7A4F7556}") = "PoseSportsApp", "PoseSportsApp\PoseSportsApp\PoseSportsApp.csproj", "{BF0AACA1-3A9B-4DF5-AA53-D6106ED23473}"
EndProject
Project("{2150E333-8FDC-42A3-9474-1A3956D46DE8}") = "Common", "Common", "{EAC7A884-C3DF-4FDF-89E6-9B552554BD0A}"
EndProject
Project("{9A19103F-16F7-4668-BE54-9A1E7A4F7556}") = "PosePacket", "..\..\Common Library\PoseSportsPredictService\PosePacket\PosePacket.csproj", "{AF63E3BA-4D1A-4FC9-832B-C8C7CB0C96B5}"
EndProject
Project("{9A19103F-16F7-4668-BE54-9A1E7A4F7556}") = "WebServiceShare", "..\..\Common Library\PoseSportsPredictService\WebServiceShare\WebServiceShare.csproj", "{8301DC2F-959A-4856-85FA-BDEAAEF971E5}"
EndProject
Global
	GlobalSection(SolutionConfigurationPlatforms) = preSolution
		Debug|Any CPU = Debug|Any CPU
		Debug|ARM = Debug|ARM
		Debug|iPhone = Debug|iPhone
		Debug|iPhoneSimulator = Debug|iPhoneSimulator
		Debug|x64 = Debug|x64
		Debug|x86 = Debug|x86
		Release|Any CPU = Release|Any CPU
		Release|ARM = Release|ARM
		Release|iPhone = Release|iPhone
		Release|iPhoneSimulator = Release|iPhoneSimulator
		Release|x64 = Release|x64
		Release|x86 = Release|x86
	EndGlobalSection
	GlobalSection(ProjectConfigurationPlatforms) = postSolution
		{933FD6BC-F758-4403-84EE-3A309E048657}.Debug|Any CPU.ActiveCfg = Debug|Any CPU
		{933FD6BC-F758-4403-84EE-3A309E048657}.Debug|Any CPU.Build.0 = Debug|Any CPU
		{933FD6BC-F758-4403-84EE-3A309E048657}.Debug|Any CPU.Deploy.0 = Debug|Any CPU
		{933FD6BC-F758-4403-84EE-3A309E048657}.Debug|ARM.ActiveCfg = Debug|Any CPU
		{933FD6BC-F758-4403-84EE-3A309E048657}.Debug|ARM.Build.0 = Debug|Any CPU
		{933FD6BC-F758-4403-84EE-3A309E048657}.Debug|ARM.Deploy.0 = Debug|Any CPU
		{933FD6BC-F758-4403-84EE-3A309E048657}.Debug|iPhone.ActiveCfg = Debug|Any CPU
		{933FD6BC-F758-4403-84EE-3A309E048657}.Debug|iPhone.Build.0 = Debug|Any CPU
		{933FD6BC-F758-4403-84EE-3A309E048657}.Debug|iPhone.Deploy.0 = Debug|Any CPU
		{933FD6BC-F758-4403-84EE-3A309E048657}.Debug|iPhoneSimulator.ActiveCfg = Debug|Any CPU
		{933FD6BC-F758-4403-84EE-3A309E048657}.Debug|iPhoneSimulator.Build.0 = Debug|Any CPU
		{933FD6BC-F758-4403-84EE-3A309E048657}.Debug|iPhoneSimulator.Deploy.0 = Debug|Any CPU
		{933FD6BC-F758-4403-84EE-3A309E048657}.Debug|x64.ActiveCfg = Debug|Any CPU
		{933FD6BC-F758-4403-84EE-3A309E048657}.Debug|x64.Build.0 = Debug|Any CPU
		{933FD6BC-F758-4403-84EE-3A309E048657}.Debug|x64.Deploy.0 = Debug|Any CPU
		{933FD6BC-F758-4403-84EE-3A309E048657}.Debug|x86.ActiveCfg = Debug|Any CPU
		{933FD6BC-F758-4403-84EE-3A309E048657}.Debug|x86.Build.0 = Debug|Any CPU
		{933FD6BC-F758-4403-84EE-3A309E048657}.Debug|x86.Deploy.0 = Debug|Any CPU
		{933FD6BC-F758-4403-84EE-3A309E048657}.Release|Any CPU.ActiveCfg = Release|Any CPU
		{933FD6BC-F758-4403-84EE-3A309E048657}.Release|Any CPU.Build.0 = Release|Any CPU
		{933FD6BC-F758-4403-84EE-3A309E048657}.Release|Any CPU.Deploy.0 = Release|Any CPU
		{933FD6BC-F758-4403-84EE-3A309E048657}.Release|ARM.ActiveCfg = Release|Any CPU
		{933FD6BC-F758-4403-84EE-3A309E048657}.Release|ARM.Build.0 = Release|Any CPU
		{933FD6BC-F758-4403-84EE-3A309E048657}.Release|ARM.Deploy.0 = Release|Any CPU
		{933FD6BC-F758-4403-84EE-3A309E048657}.Release|iPhone.ActiveCfg = Release|Any CPU
		{933FD6BC-F758-4403-84EE-3A309E048657}.Release|iPhone.Build.0 = Release|Any CPU
		{933FD6BC-F758-4403-84EE-3A309E048657}.Release|iPhone.Deploy.0 = Release|Any CPU
		{933FD6BC-F758-4403-84EE-3A309E048657}.Release|iPhoneSimulator.ActiveCfg = Release|Any CPU
		{933FD6BC-F758-4403-84EE-3A309E048657}.Release|iPhoneSimulator.Build.0 = Release|Any CPU
		{933FD6BC-F758-4403-84EE-3A309E048657}.Release|iPhoneSimulator.Deploy.0 = Release|Any CPU
		{933FD6BC-F758-4403-84EE-3A309E048657}.Release|x64.ActiveCfg = Release|Any CPU
		{933FD6BC-F758-4403-84EE-3A309E048657}.Release|x64.Build.0 = Release|Any CPU
		{933FD6BC-F758-4403-84EE-3A309E048657}.Release|x64.Deploy.0 = Release|Any CPU
		{933FD6BC-F758-4403-84EE-3A309E048657}.Release|x86.ActiveCfg = Release|Any CPU
		{933FD6BC-F758-4403-84EE-3A309E048657}.Release|x86.Build.0 = Release|Any CPU
		{933FD6BC-F758-4403-84EE-3A309E048657}.Release|x86.Deploy.0 = Release|Any CPU
		{69C49666-A466-4BAA-A2C8-186166A0F831}.Debug|Any CPU.ActiveCfg = Debug|iPhone
		{69C49666-A466-4BAA-A2C8-186166A0F831}.Debug|Any CPU.Build.0 = Debug|iPhone
		{69C49666-A466-4BAA-A2C8-186166A0F831}.Debug|Any CPU.Deploy.0 = Debug|iPhone
		{69C49666-A466-4BAA-A2C8-186166A0F831}.Debug|ARM.ActiveCfg = Debug|iPhoneSimulator
		{69C49666-A466-4BAA-A2C8-186166A0F831}.Debug|ARM.Build.0 = Debug|iPhoneSimulator
		{69C49666-A466-4BAA-A2C8-186166A0F831}.Debug|ARM.Deploy.0 = Debug|iPhoneSimulator
		{69C49666-A466-4BAA-A2C8-186166A0F831}.Debug|iPhone.ActiveCfg = Debug|iPhone
		{69C49666-A466-4BAA-A2C8-186166A0F831}.Debug|iPhone.Build.0 = Debug|iPhone
		{69C49666-A466-4BAA-A2C8-186166A0F831}.Debug|iPhone.Deploy.0 = Debug|iPhone
		{69C49666-A466-4BAA-A2C8-186166A0F831}.Debug|iPhoneSimulator.ActiveCfg = Debug|iPhoneSimulator
		{69C49666-A466-4BAA-A2C8-186166A0F831}.Debug|iPhoneSimulator.Build.0 = Debug|iPhoneSimulator
		{69C49666-A466-4BAA-A2C8-186166A0F831}.Debug|iPhoneSimulator.Deploy.0 = Debug|iPhoneSimulator
		{69C49666-A466-4BAA-A2C8-186166A0F831}.Debug|x64.ActiveCfg = Debug|iPhone
		{69C49666-A466-4BAA-A2C8-186166A0F831}.Debug|x64.Build.0 = Debug|iPhone
		{69C49666-A466-4BAA-A2C8-186166A0F831}.Debug|x64.Deploy.0 = Debug|iPhone
		{69C49666-A466-4BAA-A2C8-186166A0F831}.Debug|x86.ActiveCfg = Debug|iPhone
		{69C49666-A466-4BAA-A2C8-186166A0F831}.Debug|x86.Build.0 = Debug|iPhone
		{69C49666-A466-4BAA-A2C8-186166A0F831}.Debug|x86.Deploy.0 = Debug|iPhone
		{69C49666-A466-4BAA-A2C8-186166A0F831}.Release|Any CPU.ActiveCfg = Release|iPhone
		{69C49666-A466-4BAA-A2C8-186166A0F831}.Release|Any CPU.Build.0 = Release|iPhone
		{69C49666-A466-4BAA-A2C8-186166A0F831}.Release|Any CPU.Deploy.0 = Release|iPhone
		{69C49666-A466-4BAA-A2C8-186166A0F831}.Release|ARM.ActiveCfg = Release|iPhone
		{69C49666-A466-4BAA-A2C8-186166A0F831}.Release|ARM.Build.0 = Release|iPhone
		{69C49666-A466-4BAA-A2C8-186166A0F831}.Release|ARM.Deploy.0 = Release|iPhone
		{69C49666-A466-4BAA-A2C8-186166A0F831}.Release|iPhone.ActiveCfg = Release|iPhone
		{69C49666-A466-4BAA-A2C8-186166A0F831}.Release|iPhone.Build.0 = Release|iPhone
		{69C49666-A466-4BAA-A2C8-186166A0F831}.Release|iPhone.Deploy.0 = Release|iPhone
		{69C49666-A466-4BAA-A2C8-186166A0F831}.Release|iPhoneSimulator.ActiveCfg = Release|iPhoneSimulator
		{69C49666-A466-4BAA-A2C8-186166A0F831}.Release|iPhoneSimulator.Build.0 = Release|iPhoneSimulator
		{69C49666-A466-4BAA-A2C8-186166A0F831}.Release|iPhoneSimulator.Deploy.0 = Release|iPhoneSimulator
		{69C49666-A466-4BAA-A2C8-186166A0F831}.Release|x64.ActiveCfg = Release|iPhone
		{69C49666-A466-4BAA-A2C8-186166A0F831}.Release|x64.Build.0 = Release|iPhone
		{69C49666-A466-4BAA-A2C8-186166A0F831}.Release|x64.Deploy.0 = Release|iPhone
		{69C49666-A466-4BAA-A2C8-186166A0F831}.Release|x86.ActiveCfg = Release|iPhone
		{69C49666-A466-4BAA-A2C8-186166A0F831}.Release|x86.Build.0 = Release|iPhone
		{69C49666-A466-4BAA-A2C8-186166A0F831}.Release|x86.Deploy.0 = Release|iPhone
		{BF0AACA1-3A9B-4DF5-AA53-D6106ED23473}.Debug|Any CPU.ActiveCfg = Debug|Any CPU
		{BF0AACA1-3A9B-4DF5-AA53-D6106ED23473}.Debug|Any CPU.Build.0 = Debug|Any CPU
		{BF0AACA1-3A9B-4DF5-AA53-D6106ED23473}.Debug|Any CPU.Deploy.0 = Debug|Any CPU
		{BF0AACA1-3A9B-4DF5-AA53-D6106ED23473}.Debug|ARM.ActiveCfg = Debug|Any CPU
		{BF0AACA1-3A9B-4DF5-AA53-D6106ED23473}.Debug|ARM.Build.0 = Debug|Any CPU
		{BF0AACA1-3A9B-4DF5-AA53-D6106ED23473}.Debug|ARM.Deploy.0 = Debug|Any CPU
		{BF0AACA1-3A9B-4DF5-AA53-D6106ED23473}.Debug|iPhone.ActiveCfg = Debug|Any CPU
		{BF0AACA1-3A9B-4DF5-AA53-D6106ED23473}.Debug|iPhone.Build.0 = Debug|Any CPU
		{BF0AACA1-3A9B-4DF5-AA53-D6106ED23473}.Debug|iPhone.Deploy.0 = Debug|Any CPU
		{BF0AACA1-3A9B-4DF5-AA53-D6106ED23473}.Debug|iPhoneSimulator.ActiveCfg = Debug|Any CPU
		{BF0AACA1-3A9B-4DF5-AA53-D6106ED23473}.Debug|iPhoneSimulator.Build.0 = Debug|Any CPU
		{BF0AACA1-3A9B-4DF5-AA53-D6106ED23473}.Debug|iPhoneSimulator.Deploy.0 = Debug|Any CPU
		{BF0AACA1-3A9B-4DF5-AA53-D6106ED23473}.Debug|x64.ActiveCfg = Debug|Any CPU
		{BF0AACA1-3A9B-4DF5-AA53-D6106ED23473}.Debug|x64.Build.0 = Debug|Any CPU
		{BF0AACA1-3A9B-4DF5-AA53-D6106ED23473}.Debug|x64.Deploy.0 = Debug|Any CPU
		{BF0AACA1-3A9B-4DF5-AA53-D6106ED23473}.Debug|x86.ActiveCfg = Debug|Any CPU
		{BF0AACA1-3A9B-4DF5-AA53-D6106ED23473}.Debug|x86.Build.0 = Debug|Any CPU
		{BF0AACA1-3A9B-4DF5-AA53-D6106ED23473}.Debug|x86.Deploy.0 = Debug|Any CPU
		{BF0AACA1-3A9B-4DF5-AA53-D6106ED23473}.Release|Any CPU.ActiveCfg = Release|Any CPU
		{BF0AACA1-3A9B-4DF5-AA53-D6106ED23473}.Release|Any CPU.Build.0 = Release|Any CPU
		{BF0AACA1-3A9B-4DF5-AA53-D6106ED23473}.Release|Any CPU.Deploy.0 = Release|Any CPU
		{BF0AACA1-3A9B-4DF5-AA53-D6106ED23473}.Release|ARM.ActiveCfg = Release|Any CPU
		{BF0AACA1-3A9B-4DF5-AA53-D6106ED23473}.Release|ARM.Build.0 = Release|Any CPU
		{BF0AACA1-3A9B-4DF5-AA53-D6106ED23473}.Release|ARM.Deploy.0 = Release|Any CPU
		{BF0AACA1-3A9B-4DF5-AA53-D6106ED23473}.Release|iPhone.ActiveCfg = Release|Any CPU
		{BF0AACA1-3A9B-4DF5-AA53-D6106ED23473}.Release|iPhone.Build.0 = Release|Any CPU
		{BF0AACA1-3A9B-4DF5-AA53-D6106ED23473}.Release|iPhone.Deploy.0 = Release|Any CPU
		{BF0AACA1-3A9B-4DF5-AA53-D6106ED23473}.Release|iPhoneSimulator.ActiveCfg = Release|Any CPU
		{BF0AACA1-3A9B-4DF5-AA53-D6106ED23473}.Release|iPhoneSimulator.Build.0 = Release|Any CPU
		{BF0AACA1-3A9B-4DF5-AA53-D6106ED23473}.Release|iPhoneSimulator.Deploy.0 = Release|Any CPU
		{BF0AACA1-3A9B-4DF5-AA53-D6106ED23473}.Release|x64.ActiveCfg = Release|Any CPU
		{BF0AACA1-3A9B-4DF5-AA53-D6106ED23473}.Release|x64.Build.0 = Release|Any CPU
		{BF0AACA1-3A9B-4DF5-AA53-D6106ED23473}.Release|x64.Deploy.0 = Release|Any CPU
		{BF0AACA1-3A9B-4DF5-AA53-D6106ED23473}.Release|x86.ActiveCfg = Release|Any CPU
		{BF0AACA1-3A9B-4DF5-AA53-D6106ED23473}.Release|x86.Build.0 = Release|Any CPU
		{BF0AACA1-3A9B-4DF5-AA53-D6106ED23473}.Release|x86.Deploy.0 = Release|Any CPU
		{AF63E3BA-4D1A-4FC9-832B-C8C7CB0C96B5}.Debug|Any CPU.ActiveCfg = Debug|Any CPU
		{AF63E3BA-4D1A-4FC9-832B-C8C7CB0C96B5}.Debug|Any CPU.Build.0 = Debug|Any CPU
		{AF63E3BA-4D1A-4FC9-832B-C8C7CB0C96B5}.Debug|ARM.ActiveCfg = Debug|Any CPU
		{AF63E3BA-4D1A-4FC9-832B-C8C7CB0C96B5}.Debug|ARM.Build.0 = Debug|Any CPU
		{AF63E3BA-4D1A-4FC9-832B-C8C7CB0C96B5}.Debug|iPhone.ActiveCfg = Debug|Any CPU
		{AF63E3BA-4D1A-4FC9-832B-C8C7CB0C96B5}.Debug|iPhone.Build.0 = Debug|Any CPU
		{AF63E3BA-4D1A-4FC9-832B-C8C7CB0C96B5}.Debug|iPhoneSimulator.ActiveCfg = Debug|Any CPU
		{AF63E3BA-4D1A-4FC9-832B-C8C7CB0C96B5}.Debug|iPhoneSimulator.Build.0 = Debug|Any CPU
		{AF63E3BA-4D1A-4FC9-832B-C8C7CB0C96B5}.Debug|x64.ActiveCfg = Debug|Any CPU
		{AF63E3BA-4D1A-4FC9-832B-C8C7CB0C96B5}.Debug|x64.Build.0 = Debug|Any CPU
		{AF63E3BA-4D1A-4FC9-832B-C8C7CB0C96B5}.Debug|x86.ActiveCfg = Debug|Any CPU
		{AF63E3BA-4D1A-4FC9-832B-C8C7CB0C96B5}.Debug|x86.Build.0 = Debug|Any CPU
		{AF63E3BA-4D1A-4FC9-832B-C8C7CB0C96B5}.Release|Any CPU.ActiveCfg = Release|Any CPU
		{AF63E3BA-4D1A-4FC9-832B-C8C7CB0C96B5}.Release|Any CPU.Build.0 = Release|Any CPU
		{AF63E3BA-4D1A-4FC9-832B-C8C7CB0C96B5}.Release|ARM.ActiveCfg = Release|Any CPU
		{AF63E3BA-4D1A-4FC9-832B-C8C7CB0C96B5}.Release|ARM.Build.0 = Release|Any CPU
		{AF63E3BA-4D1A-4FC9-832B-C8C7CB0C96B5}.Release|iPhone.ActiveCfg = Release|Any CPU
		{AF63E3BA-4D1A-4FC9-832B-C8C7CB0C96B5}.Release|iPhone.Build.0 = Release|Any CPU
		{AF63E3BA-4D1A-4FC9-832B-C8C7CB0C96B5}.Release|iPhoneSimulator.ActiveCfg = Release|Any CPU
		{AF63E3BA-4D1A-4FC9-832B-C8C7CB0C96B5}.Release|iPhoneSimulator.Build.0 = Release|Any CPU
		{AF63E3BA-4D1A-4FC9-832B-C8C7CB0C96B5}.Release|x64.ActiveCfg = Release|Any CPU
		{AF63E3BA-4D1A-4FC9-832B-C8C7CB0C96B5}.Release|x64.Build.0 = Release|Any CPU
		{AF63E3BA-4D1A-4FC9-832B-C8C7CB0C96B5}.Release|x86.ActiveCfg = Release|Any CPU
		{AF63E3BA-4D1A-4FC9-832B-C8C7CB0C96B5}.Release|x86.Build.0 = Release|Any CPU
		{8301DC2F-959A-4856-85FA-BDEAAEF971E5}.Debug|Any CPU.ActiveCfg = Debug|Any CPU
		{8301DC2F-959A-4856-85FA-BDEAAEF971E5}.Debug|Any CPU.Build.0 = Debug|Any CPU
		{8301DC2F-959A-4856-85FA-BDEAAEF971E5}.Debug|ARM.ActiveCfg = Debug|Any CPU
		{8301DC2F-959A-4856-85FA-BDEAAEF971E5}.Debug|ARM.Build.0 = Debug|Any CPU
		{8301DC2F-959A-4856-85FA-BDEAAEF971E5}.Debug|iPhone.ActiveCfg = Debug|Any CPU
		{8301DC2F-959A-4856-85FA-BDEAAEF971E5}.Debug|iPhone.Build.0 = Debug|Any CPU
		{8301DC2F-959A-4856-85FA-BDEAAEF971E5}.Debug|iPhoneSimulator.ActiveCfg = Debug|Any CPU
		{8301DC2F-959A-4856-85FA-BDEAAEF971E5}.Debug|iPhoneSimulator.Build.0 = Debug|Any CPU
		{8301DC2F-959A-4856-85FA-BDEAAEF971E5}.Debug|x64.ActiveCfg = Debug|Any CPU
		{8301DC2F-959A-4856-85FA-BDEAAEF971E5}.Debug|x64.Build.0 = Debug|Any CPU
		{8301DC2F-959A-4856-85FA-BDEAAEF971E5}.Debug|x86.ActiveCfg = Debug|Any CPU
		{8301DC2F-959A-4856-85FA-BDEAAEF971E5}.Debug|x86.Build.0 = Debug|Any CPU
		{8301DC2F-959A-4856-85FA-BDEAAEF971E5}.Release|Any CPU.ActiveCfg = Release|Any CPU
		{8301DC2F-959A-4856-85FA-BDEAAEF971E5}.Release|Any CPU.Build.0 = Release|Any CPU
		{8301DC2F-959A-4856-85FA-BDEAAEF971E5}.Release|ARM.ActiveCfg = Release|Any CPU
		{8301DC2F-959A-4856-85FA-BDEAAEF971E5}.Release|ARM.Build.0 = Release|Any CPU
		{8301DC2F-959A-4856-85FA-BDEAAEF971E5}.Release|iPhone.ActiveCfg = Release|Any CPU
		{8301DC2F-959A-4856-85FA-BDEAAEF971E5}.Release|iPhone.Build.0 = Release|Any CPU
		{8301DC2F-959A-4856-85FA-BDEAAEF971E5}.Release|iPhoneSimulator.ActiveCfg = Release|Any CPU
		{8301DC2F-959A-4856-85FA-BDEAAEF971E5}.Release|iPhoneSimulator.Build.0 = Release|Any CPU
		{8301DC2F-959A-4856-85FA-BDEAAEF971E5}.Release|x64.ActiveCfg = Release|Any CPU
		{8301DC2F-959A-4856-85FA-BDEAAEF971E5}.Release|x64.Build.0 = Release|Any CPU
		{8301DC2F-959A-4856-85FA-BDEAAEF971E5}.Release|x86.ActiveCfg = Release|Any CPU
		{8301DC2F-959A-4856-85FA-BDEAAEF971E5}.Release|x86.Build.0 = Release|Any CPU
	EndGlobalSection
	GlobalSection(SolutionProperties) = preSolution
		HideSolutionNode = FALSE
	EndGlobalSection
	GlobalSection(NestedProjects) = preSolution
		{AF63E3BA-4D1A-4FC9-832B-C8C7CB0C96B5} = {EAC7A884-C3DF-4FDF-89E6-9B552554BD0A}
		{8301DC2F-959A-4856-85FA-BDEAAEF971E5} = {EAC7A884-C3DF-4FDF-89E6-9B552554BD0A}
	EndGlobalSection
	GlobalSection(ExtensibilityGlobals) = postSolution
		SolutionGuid = {F4B588FE-A440-4737-B136-8D183621554E}
	EndGlobalSection
EndGlobal
