
Microsoft Visual Studio Solution File, Format Version 12.00
# Visual Studio Version 16
VisualStudioVersion = 16.0.29613.14
MinimumVisualStudioVersion = 10.0.40219.1
Project("{FAE04EC0-301F-11D3-BF4B-00C04F79EFBC}") = "SportsAdminTool", "SportsAdminTool\SportsAdminTool.csproj", "{89FBE610-4CF5-4748-81C5-7768698E36F0}"
EndProject
Project("{FAE04EC0-301F-11D3-BF4B-00C04F79EFBC}") = "SandBox", "SandBox\SandBox.csproj", "{B55FD636-DAE5-4929-B480-84C2223D5FC0}"
EndProject
Project("{FAE04EC0-301F-11D3-BF4B-00C04F79EFBC}") = "LogicCore", "..\..\Common Library\DotNet_Framework\LogicCore\LogicCore.csproj", "{4375D35A-CCB4-4714-BE12-7828A548C543}"
EndProject
Project("{FAE04EC0-301F-11D3-BF4B-00C04F79EFBC}") = "RapidAPI", "..\..\Common Library\DotNet_Framework\RapidAPI\RapidAPI.csproj", "{0310E278-EBFC-4DD8-8A36-27321A01C52F}"
EndProject
Project("{FAE04EC0-301F-11D3-BF4B-00C04F79EFBC}") = "Repository", "..\..\Common Library\DotNet_Framework\Repository\Repository.csproj", "{E798B808-207E-48F7-A509-6473FB43EAE2}"
EndProject
Project("{FAE04EC0-301F-11D3-BF4B-00C04F79EFBC}") = "Repository.Mysql", "..\..\Web App\PoseSportsWebService\Repository.Mysql\Repository.Mysql.csproj", "{300D85B2-91DD-42C9-89C0-4A2900AA9993}"
EndProject
Project("{9A19103F-16F7-4668-BE54-9A1E7A4F7556}") = "PosePacket", "..\..\Common Library\DotNet_Standard\PosePacket\PosePacket.csproj", "{F12C31F7-74E0-407D-947A-AA4C42CD1C5B}"
EndProject
Project("{FAE04EC0-301F-11D3-BF4B-00C04F79EFBC}") = "PredictorAPI", "..\..\Common Library\DotNet_Framework\PredictorAPI\PredictorAPI.csproj", "{1E5697F4-1EE8-469A-867E-B87FB39C9F65}"
EndProject
Project("{FAE04EC0-301F-11D3-BF4B-00C04F79EFBC}") = "LineNotify", "..\..\Common Library\DotNet_Framework\LineNotify\LineNotify.csproj", "{100ECE24-7E39-4CE9-99D1-529B9362492D}"
EndProject
Project("{FAE04EC0-301F-11D3-BF4B-00C04F79EFBC}") = "PredictionBackTesting", "PredictionBackTesting\PredictionBackTesting.csproj", "{F65C9EF8-A682-43DA-A3E0-6AC282A7E06D}"
EndProject
Global
	GlobalSection(SolutionConfigurationPlatforms) = preSolution
		Debug|Any CPU = Debug|Any CPU
		Pose_AdminTool_Live|Any CPU = Pose_AdminTool_Live|Any CPU
		Release|Any CPU = Release|Any CPU
	EndGlobalSection
	GlobalSection(ProjectConfigurationPlatforms) = postSolution
		{89FBE610-4CF5-4748-81C5-7768698E36F0}.Debug|Any CPU.ActiveCfg = Debug|Any CPU
		{89FBE610-4CF5-4748-81C5-7768698E36F0}.Debug|Any CPU.Build.0 = Debug|Any CPU
		{89FBE610-4CF5-4748-81C5-7768698E36F0}.Pose_AdminTool_Live|Any CPU.ActiveCfg = Pose_AdminTool_Live|Any CPU
		{89FBE610-4CF5-4748-81C5-7768698E36F0}.Pose_AdminTool_Live|Any CPU.Build.0 = Pose_AdminTool_Live|Any CPU
		{89FBE610-4CF5-4748-81C5-7768698E36F0}.Release|Any CPU.ActiveCfg = Release|Any CPU
		{89FBE610-4CF5-4748-81C5-7768698E36F0}.Release|Any CPU.Build.0 = Release|Any CPU
		{B55FD636-DAE5-4929-B480-84C2223D5FC0}.Debug|Any CPU.ActiveCfg = Debug|Any CPU
		{B55FD636-DAE5-4929-B480-84C2223D5FC0}.Debug|Any CPU.Build.0 = Debug|Any CPU
		{B55FD636-DAE5-4929-B480-84C2223D5FC0}.Pose_AdminTool_Live|Any CPU.ActiveCfg = Pose_AdminTool_Live|Any CPU
		{B55FD636-DAE5-4929-B480-84C2223D5FC0}.Pose_AdminTool_Live|Any CPU.Build.0 = Pose_AdminTool_Live|Any CPU
		{B55FD636-DAE5-4929-B480-84C2223D5FC0}.Release|Any CPU.ActiveCfg = Release|Any CPU
		{B55FD636-DAE5-4929-B480-84C2223D5FC0}.Release|Any CPU.Build.0 = Release|Any CPU
		{4375D35A-CCB4-4714-BE12-7828A548C543}.Debug|Any CPU.ActiveCfg = Debug|Any CPU
		{4375D35A-CCB4-4714-BE12-7828A548C543}.Debug|Any CPU.Build.0 = Debug|Any CPU
		{4375D35A-CCB4-4714-BE12-7828A548C543}.Pose_AdminTool_Live|Any CPU.ActiveCfg = Pose_AdminTool_Live|Any CPU
		{4375D35A-CCB4-4714-BE12-7828A548C543}.Pose_AdminTool_Live|Any CPU.Build.0 = Pose_AdminTool_Live|Any CPU
		{4375D35A-CCB4-4714-BE12-7828A548C543}.Release|Any CPU.ActiveCfg = Release|Any CPU
		{4375D35A-CCB4-4714-BE12-7828A548C543}.Release|Any CPU.Build.0 = Release|Any CPU
		{0310E278-EBFC-4DD8-8A36-27321A01C52F}.Debug|Any CPU.ActiveCfg = Debug|Any CPU
		{0310E278-EBFC-4DD8-8A36-27321A01C52F}.Debug|Any CPU.Build.0 = Debug|Any CPU
		{0310E278-EBFC-4DD8-8A36-27321A01C52F}.Pose_AdminTool_Live|Any CPU.ActiveCfg = Pose_AdminTool_Live|Any CPU
		{0310E278-EBFC-4DD8-8A36-27321A01C52F}.Pose_AdminTool_Live|Any CPU.Build.0 = Pose_AdminTool_Live|Any CPU
		{0310E278-EBFC-4DD8-8A36-27321A01C52F}.Release|Any CPU.ActiveCfg = Release|Any CPU
		{0310E278-EBFC-4DD8-8A36-27321A01C52F}.Release|Any CPU.Build.0 = Release|Any CPU
		{E798B808-207E-48F7-A509-6473FB43EAE2}.Debug|Any CPU.ActiveCfg = Debug|Any CPU
		{E798B808-207E-48F7-A509-6473FB43EAE2}.Debug|Any CPU.Build.0 = Debug|Any CPU
		{E798B808-207E-48F7-A509-6473FB43EAE2}.Pose_AdminTool_Live|Any CPU.ActiveCfg = Pose_AdminTool_Live|Any CPU
		{E798B808-207E-48F7-A509-6473FB43EAE2}.Pose_AdminTool_Live|Any CPU.Build.0 = Pose_AdminTool_Live|Any CPU
		{E798B808-207E-48F7-A509-6473FB43EAE2}.Release|Any CPU.ActiveCfg = Release|Any CPU
		{E798B808-207E-48F7-A509-6473FB43EAE2}.Release|Any CPU.Build.0 = Release|Any CPU
		{300D85B2-91DD-42C9-89C0-4A2900AA9993}.Debug|Any CPU.ActiveCfg = Debug|Any CPU
		{300D85B2-91DD-42C9-89C0-4A2900AA9993}.Debug|Any CPU.Build.0 = Debug|Any CPU
		{300D85B2-91DD-42C9-89C0-4A2900AA9993}.Pose_AdminTool_Live|Any CPU.ActiveCfg = Pose_AdminTool_Live|Any CPU
		{300D85B2-91DD-42C9-89C0-4A2900AA9993}.Pose_AdminTool_Live|Any CPU.Build.0 = Pose_AdminTool_Live|Any CPU
		{300D85B2-91DD-42C9-89C0-4A2900AA9993}.Release|Any CPU.ActiveCfg = Release|Any CPU
		{300D85B2-91DD-42C9-89C0-4A2900AA9993}.Release|Any CPU.Build.0 = Release|Any CPU
		{F12C31F7-74E0-407D-947A-AA4C42CD1C5B}.Debug|Any CPU.ActiveCfg = Debug|Any CPU
		{F12C31F7-74E0-407D-947A-AA4C42CD1C5B}.Debug|Any CPU.Build.0 = Debug|Any CPU
		{F12C31F7-74E0-407D-947A-AA4C42CD1C5B}.Pose_AdminTool_Live|Any CPU.ActiveCfg = Pose_AdminTool_Live|Any CPU
		{F12C31F7-74E0-407D-947A-AA4C42CD1C5B}.Pose_AdminTool_Live|Any CPU.Build.0 = Pose_AdminTool_Live|Any CPU
		{F12C31F7-74E0-407D-947A-AA4C42CD1C5B}.Release|Any CPU.ActiveCfg = Release|Any CPU
		{F12C31F7-74E0-407D-947A-AA4C42CD1C5B}.Release|Any CPU.Build.0 = Release|Any CPU
		{1E5697F4-1EE8-469A-867E-B87FB39C9F65}.Debug|Any CPU.ActiveCfg = Debug|Any CPU
		{1E5697F4-1EE8-469A-867E-B87FB39C9F65}.Debug|Any CPU.Build.0 = Debug|Any CPU
		{1E5697F4-1EE8-469A-867E-B87FB39C9F65}.Pose_AdminTool_Live|Any CPU.ActiveCfg = Pose_AdminTool_Live|Any CPU
		{1E5697F4-1EE8-469A-867E-B87FB39C9F65}.Pose_AdminTool_Live|Any CPU.Build.0 = Pose_AdminTool_Live|Any CPU
		{1E5697F4-1EE8-469A-867E-B87FB39C9F65}.Release|Any CPU.ActiveCfg = Release|Any CPU
		{1E5697F4-1EE8-469A-867E-B87FB39C9F65}.Release|Any CPU.Build.0 = Release|Any CPU
		{100ECE24-7E39-4CE9-99D1-529B9362492D}.Debug|Any CPU.ActiveCfg = Debug|Any CPU
		{100ECE24-7E39-4CE9-99D1-529B9362492D}.Debug|Any CPU.Build.0 = Debug|Any CPU
		{100ECE24-7E39-4CE9-99D1-529B9362492D}.Pose_AdminTool_Live|Any CPU.ActiveCfg = Pose_AdminTool_Live|Any CPU
		{100ECE24-7E39-4CE9-99D1-529B9362492D}.Pose_AdminTool_Live|Any CPU.Build.0 = Pose_AdminTool_Live|Any CPU
		{100ECE24-7E39-4CE9-99D1-529B9362492D}.Release|Any CPU.ActiveCfg = Release|Any CPU
		{100ECE24-7E39-4CE9-99D1-529B9362492D}.Release|Any CPU.Build.0 = Release|Any CPU
		{F65C9EF8-A682-43DA-A3E0-6AC282A7E06D}.Debug|Any CPU.ActiveCfg = Debug|Any CPU
		{F65C9EF8-A682-43DA-A3E0-6AC282A7E06D}.Debug|Any CPU.Build.0 = Debug|Any CPU
		{F65C9EF8-A682-43DA-A3E0-6AC282A7E06D}.Pose_AdminTool_Live|Any CPU.ActiveCfg = Pose_AdminTool_Live|Any CPU
		{F65C9EF8-A682-43DA-A3E0-6AC282A7E06D}.Pose_AdminTool_Live|Any CPU.Build.0 = Pose_AdminTool_Live|Any CPU
		{F65C9EF8-A682-43DA-A3E0-6AC282A7E06D}.Release|Any CPU.ActiveCfg = Release|Any CPU
		{F65C9EF8-A682-43DA-A3E0-6AC282A7E06D}.Release|Any CPU.Build.0 = Release|Any CPU
	EndGlobalSection
	GlobalSection(SolutionProperties) = preSolution
		HideSolutionNode = FALSE
	EndGlobalSection
	GlobalSection(ExtensibilityGlobals) = postSolution
		SolutionGuid = {5C6B4C69-CDB2-48C7-8E65-18B4253CF8AA}
	EndGlobalSection
EndGlobal
